
Microsoft Visual Studio Solution File, Format Version 12.00
# Visual Studio Version 16
VisualStudioVersion = 16.0.30406.217
MinimumVisualStudioVersion = 10.0.40219.1
Project("{FAE04EC0-301F-11D3-BF4B-00C04F79EFBC}") = "WebApiLoggin", "WebApiLoggin\WebApiLoggin.csproj", "{C919E42D-2142-45E9-9948-9EDD60200D4F}"
EndProject
Global
	GlobalSection(SolutionConfigurationPlatforms) = preSolution
		Debug|Any CPU = Debug|Any CPU
		Release|Any CPU = Release|Any CPU
	EndGlobalSection
	GlobalSection(ProjectConfigurationPlatforms) = postSolution
		{C919E42D-2142-45E9-9948-9EDD60200D4F}.Debug|Any CPU.ActiveCfg = Debug|Any CPU
		{C919E42D-2142-45E9-9948-9EDD60200D4F}.Debug|Any CPU.Build.0 = Debug|Any CPU
		{C919E42D-2142-45E9-9948-9EDD60200D4F}.Release|Any CPU.ActiveCfg = Release|Any CPU
		{C919E42D-2142-45E9-9948-9EDD60200D4F}.Release|Any CPU.Build.0 = Release|Any CPU
	EndGlobalSection
	GlobalSection(SolutionProperties) = preSolution
		HideSolutionNode = FALSE
	EndGlobalSection
	GlobalSection(ExtensibilityGlobals) = postSolution
		SolutionGuid = {AB489850-922E-40C8-B97C-BD4C71D86761}
	EndGlobalSection
EndGlobal
